
Microsoft Visual Studio Solution File, Format Version 12.00
# Visual Studio Version 17
VisualStudioVersion = 17.14.37628.2 d17.14
MinimumVisualStudioVersion = 10.0.40219.1
Project("{FAE04EC0-301F-11D3-BF4B-00C04F79EFBC}") = "SocialsSync-Bridge App", "..\SocialsSync-Bridge\SocialsSync-Bridge App\SocialsSync-Bridge App.csproj", "{605F449E-1E0D-4003-84D1-12FA3965619F}"
EndProject
Global
	GlobalSection(SolutionConfigurationPlatforms) = preSolution
		Debug|Any CPU = Debug|Any CPU
		Release|Any CPU = Release|Any CPU
	EndGlobalSection
	GlobalSection(ProjectConfigurationPlatforms) = postSolution
		{605F449E-1E0D-4003-84D1-12FA3965619F}.Debug|Any CPU.ActiveCfg = Debug|Any CPU
		{605F449E-1E0D-4003-84D1-12FA3965619F}.Debug|Any CPU.Build.0 = Debug|Any CPU
		{605F449E-1E0D-4003-84D1-12FA3965619F}.Release|Any CPU.ActiveCfg = Release|Any CPU
		{605F449E-1E0D-4003-84D1-12FA3965619F}.Release|Any CPU.Build.0 = Release|Any CPU
	EndGlobalSection
	GlobalSection(SolutionProperties) = preSolution
		HideSolutionNode = FALSE
	EndGlobalSection
	GlobalSection(ExtensibilityGlobals) = postSolution
		SolutionGuid = {61BD7404-A1D0-4DB5-8630-C5C299539117}
	EndGlobalSection
EndGlobal
